{
  "name": "simple_webpack",
  "version": "1.0.0",
  "lockfileVersion": 1,
  "requires": true,
  "dependencies": {
    "@babel/parser": {
      "version": "7.10.3",
      "resolved": "https://registry.npmjs.org/@babel/parser/-/parser-7.10.3.tgz",
      "integrity": "sha512-oJtNJCMFdIMwXGmx+KxuaD7i3b8uS7TTFYW/FNG2BT8m+fmGHoiPYoH0Pe3gya07WuFmM5FCDIr1x0irkD/hyA=="
    }
  }
}
